
Microsoft Visual Studio Solution File, Format Version 12.00
# Visual Studio 14
VisualStudioVersion = 14.0.25420.1
MinimumVisualStudioVersion = 10.0.40219.1
Project("{FAE04EC0-301F-11D3-BF4B-00C04F79EFBC}") = "Gijgo.Asp.NET.Examples", "Gijgo.Asp.NET.Examples\Gijgo.Asp.NET.Examples.csproj", "{9BE0EC58-4647-4D85-938B-232639EC5248}"
EndProject
Project("{00D1A9C2-B5F0-4AF3-8072-F6C62B433612}") = "Gijgo.Asp.NET.Database", "Gijgo.Asp.NET.Database\Gijgo.Asp.NET.Database.sqlproj", "{F5EB8A24-BBCD-4330-8EE5-475443E268F3}"
EndProject
Global
	GlobalSection(SolutionConfigurationPlatforms) = preSolution
		Debug|Any CPU = Debug|Any CPU
		Release|Any CPU = Release|Any CPU
	EndGlobalSection
	GlobalSection(ProjectConfigurationPlatforms) = postSolution
		{9BE0EC58-4647-4D85-938B-232639EC5248}.Debug|Any CPU.ActiveCfg = Debug|Any CPU
		{9BE0EC58-4647-4D85-938B-232639EC5248}.Debug|Any CPU.Build.0 = Debug|Any CPU
		{9BE0EC58-4647-4D85-938B-232639EC5248}.Release|Any CPU.ActiveCfg = Release|Any CPU
		{9BE0EC58-4647-4D85-938B-232639EC5248}.Release|Any CPU.Build.0 = Release|Any CPU
		{F5EB8A24-BBCD-4330-8EE5-475443E268F3}.Debug|Any CPU.ActiveCfg = Debug|Any CPU
		{F5EB8A24-BBCD-4330-8EE5-475443E268F3}.Debug|Any CPU.Build.0 = Debug|Any CPU
		{F5EB8A24-BBCD-4330-8EE5-475443E268F3}.Debug|Any CPU.Deploy.0 = Debug|Any CPU
		{F5EB8A24-BBCD-4330-8EE5-475443E268F3}.Release|Any CPU.ActiveCfg = Release|Any CPU
		{F5EB8A24-BBCD-4330-8EE5-475443E268F3}.Release|Any CPU.Build.0 = Release|Any CPU
		{F5EB8A24-BBCD-4330-8EE5-475443E268F3}.Release|Any CPU.Deploy.0 = Release|Any CPU
	EndGlobalSection
	GlobalSection(SolutionProperties) = preSolution
		HideSolutionNode = FALSE
	EndGlobalSection
EndGlobal
